
Microsoft Visual Studio Solution File, Format Version 12.00
# Visual Studio Version 17
VisualStudioVersion = 17.8.34316.72
MinimumVisualStudioVersion = 10.0.40219.1
Project("{9A19103F-16F7-4668-BE54-9A1E7A4F7556}") = "GTRC_Database_API", "GTRC_Database_API.csproj", "{88011120-187E-4CCC-831E-9AC738313F76}"
EndProject
Project("{9A19103F-16F7-4668-BE54-9A1E7A4F7556}") = "GTRC_Basics", "..\GTRC-Basics\GTRC_Basics.csproj", "{0E8DBC11-E76E-4C4B-8221-2A55349CB5F9}"
EndProject
Global
	GlobalSection(SolutionConfigurationPlatforms) = preSolution
		Debug|Any CPU = Debug|Any CPU
		Release|Any CPU = Release|Any CPU
	EndGlobalSection
	GlobalSection(ProjectConfigurationPlatforms) = postSolution
		{88011120-187E-4CCC-831E-9AC738313F76}.Debug|Any CPU.ActiveCfg = Debug|Any CPU
		{88011120-187E-4CCC-831E-9AC738313F76}.Debug|Any CPU.Build.0 = Debug|Any CPU
		{88011120-187E-4CCC-831E-9AC738313F76}.Release|Any CPU.ActiveCfg = Release|Any CPU
		{88011120-187E-4CCC-831E-9AC738313F76}.Release|Any CPU.Build.0 = Release|Any CPU
		{0E8DBC11-E76E-4C4B-8221-2A55349CB5F9}.Debug|Any CPU.ActiveCfg = Debug|Any CPU
		{0E8DBC11-E76E-4C4B-8221-2A55349CB5F9}.Debug|Any CPU.Build.0 = Debug|Any CPU
		{0E8DBC11-E76E-4C4B-8221-2A55349CB5F9}.Release|Any CPU.ActiveCfg = Release|Any CPU
		{0E8DBC11-E76E-4C4B-8221-2A55349CB5F9}.Release|Any CPU.Build.0 = Release|Any CPU
	EndGlobalSection
	GlobalSection(SolutionProperties) = preSolution
		HideSolutionNode = FALSE
	EndGlobalSection
	GlobalSection(ExtensibilityGlobals) = postSolution
		SolutionGuid = {632E4082-10FE-4093-9708-5438C0663701}
	EndGlobalSection
EndGlobal
